
Microsoft Visual Studio Solution File, Format Version 12.00
# Visual Studio Version 17
VisualStudioVersion = 17.4.33110.190
MinimumVisualStudioVersion = 10.0.40219.1
Project("{FAE04EC0-301F-11D3-BF4B-00C04F79EFBC}") = "RestExercises", "RestExercises\RestExercises.csproj", "{179943E4-1628-4108-9660-18596FF1E2D6}"
EndProject
Global
	GlobalSection(SolutionConfigurationPlatforms) = preSolution
		Debug|Any CPU = Debug|Any CPU
		Release|Any CPU = Release|Any CPU
	EndGlobalSection
	GlobalSection(ProjectConfigurationPlatforms) = postSolution
		{179943E4-1628-4108-9660-18596FF1E2D6}.Debug|Any CPU.ActiveCfg = Debug|Any CPU
		{179943E4-1628-4108-9660-18596FF1E2D6}.Debug|Any CPU.Build.0 = Debug|Any CPU
		{179943E4-1628-4108-9660-18596FF1E2D6}.Release|Any CPU.ActiveCfg = Release|Any CPU
		{179943E4-1628-4108-9660-18596FF1E2D6}.Release|Any CPU.Build.0 = Release|Any CPU
	EndGlobalSection
	GlobalSection(SolutionProperties) = preSolution
		HideSolutionNode = FALSE
	EndGlobalSection
	GlobalSection(ExtensibilityGlobals) = postSolution
		SolutionGuid = {DAC3488D-51C6-46F0-AB40-1F74E762D824}
	EndGlobalSection
EndGlobal
